
Microsoft Visual Studio Solution File, Format Version 12.00
# Visual Studio 15
VisualStudioVersion = 15.0.28307.1209
MinimumVisualStudioVersion = 10.0.40219.1
Project("{FAE04EC0-301F-11D3-BF4B-00C04F79EFBC}") = "BridgePattern", "BridgePattern\BridgePattern.csproj", "{BC7C34CC-0C00-45FA-82AD-FC3444C950F5}"
EndProject
Global
	GlobalSection(SolutionConfigurationPlatforms) = preSolution
		Debug|Any CPU = Debug|Any CPU
		Release|Any CPU = Release|Any CPU
	EndGlobalSection
	GlobalSection(ProjectConfigurationPlatforms) = postSolution
		{BC7C34CC-0C00-45FA-82AD-FC3444C950F5}.Debug|Any CPU.ActiveCfg = Debug|Any CPU
		{BC7C34CC-0C00-45FA-82AD-FC3444C950F5}.Debug|Any CPU.Build.0 = Debug|Any CPU
		{BC7C34CC-0C00-45FA-82AD-FC3444C950F5}.Release|Any CPU.ActiveCfg = Release|Any CPU
		{BC7C34CC-0C00-45FA-82AD-FC3444C950F5}.Release|Any CPU.Build.0 = Release|Any CPU
	EndGlobalSection
	GlobalSection(SolutionProperties) = preSolution
		HideSolutionNode = FALSE
	EndGlobalSection
	GlobalSection(ExtensibilityGlobals) = postSolution
		SolutionGuid = {DF412349-165D-4E1D-A2AB-1BE160703A4C}
	EndGlobalSection
EndGlobal
