
Microsoft Visual Studio Solution File, Format Version 12.00
# Visual Studio Version 16
VisualStudioVersion = 16.0.31624.102
MinimumVisualStudioVersion = 10.0.40219.1
Project("{FAE04EC0-301F-11D3-BF4B-00C04F79EFBC}") = "SocketServer", "SocketServer\SocketServer.csproj", "{1038E37F-829F-4E70-8EB5-CBBE0CF0B49C}"
EndProject
Project("{FAE04EC0-301F-11D3-BF4B-00C04F79EFBC}") = "SocketClient", "SocketClient\SocketClient.csproj", "{C6551895-979E-40D5-9E9F-9C8ABE03227B}"
EndProject
Global
	GlobalSection(SolutionConfigurationPlatforms) = preSolution
		Debug|Any CPU = Debug|Any CPU
		Release|Any CPU = Release|Any CPU
	EndGlobalSection
	GlobalSection(ProjectConfigurationPlatforms) = postSolution
		{1038E37F-829F-4E70-8EB5-CBBE0CF0B49C}.Debug|Any CPU.ActiveCfg = Debug|Any CPU
		{1038E37F-829F-4E70-8EB5-CBBE0CF0B49C}.Debug|Any CPU.Build.0 = Debug|Any CPU
		{1038E37F-829F-4E70-8EB5-CBBE0CF0B49C}.Release|Any CPU.ActiveCfg = Release|Any CPU
		{1038E37F-829F-4E70-8EB5-CBBE0CF0B49C}.Release|Any CPU.Build.0 = Release|Any CPU
		{C6551895-979E-40D5-9E9F-9C8ABE03227B}.Debug|Any CPU.ActiveCfg = Debug|Any CPU
		{C6551895-979E-40D5-9E9F-9C8ABE03227B}.Debug|Any CPU.Build.0 = Debug|Any CPU
		{C6551895-979E-40D5-9E9F-9C8ABE03227B}.Release|Any CPU.ActiveCfg = Release|Any CPU
		{C6551895-979E-40D5-9E9F-9C8ABE03227B}.Release|Any CPU.Build.0 = Release|Any CPU
	EndGlobalSection
	GlobalSection(SolutionProperties) = preSolution
		HideSolutionNode = FALSE
	EndGlobalSection
	GlobalSection(ExtensibilityGlobals) = postSolution
		SolutionGuid = {19CC52C8-96D7-4436-A3CE-2753965E9CCD}
	EndGlobalSection
EndGlobal
