
Microsoft Visual Studio Solution File, Format Version 12.00
# Visual Studio 15
VisualStudioVersion = 15.0.28307.1209
MinimumVisualStudioVersion = 10.0.40219.1
Project("{FAE04EC0-301F-11D3-BF4B-00C04F79EFBC}") = "CompositePattern", "CompositePattern\CompositePattern.csproj", "{59EDF6A4-E5A0-4276-804F-B4EF250AC50A}"
EndProject
Global
	GlobalSection(SolutionConfigurationPlatforms) = preSolution
		Debug|Any CPU = Debug|Any CPU
		Release|Any CPU = Release|Any CPU
	EndGlobalSection
	GlobalSection(ProjectConfigurationPlatforms) = postSolution
		{59EDF6A4-E5A0-4276-804F-B4EF250AC50A}.Debug|Any CPU.ActiveCfg = Debug|Any CPU
		{59EDF6A4-E5A0-4276-804F-B4EF250AC50A}.Debug|Any CPU.Build.0 = Debug|Any CPU
		{59EDF6A4-E5A0-4276-804F-B4EF250AC50A}.Release|Any CPU.ActiveCfg = Release|Any CPU
		{59EDF6A4-E5A0-4276-804F-B4EF250AC50A}.Release|Any CPU.Build.0 = Release|Any CPU
	EndGlobalSection
	GlobalSection(SolutionProperties) = preSolution
		HideSolutionNode = FALSE
	EndGlobalSection
	GlobalSection(ExtensibilityGlobals) = postSolution
		SolutionGuid = {643F442B-D3F1-42AD-BB29-821B059B1987}
	EndGlobalSection
EndGlobal
