
Microsoft Visual Studio Solution File, Format Version 12.00
# Visual Studio 15
VisualStudioVersion = 15.0.28307.1209
MinimumVisualStudioVersion = 10.0.40219.1
Project("{FAE04EC0-301F-11D3-BF4B-00C04F79EFBC}") = "AdapterPattern", "AdapterPattern\AdapterPattern.csproj", "{090AF837-3153-4710-B9A7-E6E147D13ACE}"
EndProject
Global
	GlobalSection(SolutionConfigurationPlatforms) = preSolution
		Debug|Any CPU = Debug|Any CPU
		Release|Any CPU = Release|Any CPU
	EndGlobalSection
	GlobalSection(ProjectConfigurationPlatforms) = postSolution
		{090AF837-3153-4710-B9A7-E6E147D13ACE}.Debug|Any CPU.ActiveCfg = Debug|Any CPU
		{090AF837-3153-4710-B9A7-E6E147D13ACE}.Debug|Any CPU.Build.0 = Debug|Any CPU
		{090AF837-3153-4710-B9A7-E6E147D13ACE}.Release|Any CPU.ActiveCfg = Release|Any CPU
		{090AF837-3153-4710-B9A7-E6E147D13ACE}.Release|Any CPU.Build.0 = Release|Any CPU
	EndGlobalSection
	GlobalSection(SolutionProperties) = preSolution
		HideSolutionNode = FALSE
	EndGlobalSection
	GlobalSection(ExtensibilityGlobals) = postSolution
		SolutionGuid = {E3D65B5F-FCD4-4AC4-A26A-512E5F9DBE5E}
	EndGlobalSection
EndGlobal
